# This file is automatically @generated by Poetry 1.8.3 and should not be changed by hand.

[[package]]
name = "swiplserver"
version = "1.0.2"
description = "swiplserver integrates SWI Prolog with Python."
optional = false
python-versions = ">=3.7"
files = [
    {file = "swiplserver-1.0.2-py3-none-any.whl", hash = "sha256:f83460dc8afa205d4014a6ea1265154749ffce0167e466b51f18d81f5d51e750"},
    {file = "swiplserver-1.0.2.tar.gz", hash = "sha256:42e2fae197c1200bb102cba9b186a86ad0ffd224e867bc9cb6b98b66399263b5"},
]

[metadata]
lock-version = "2.0"
python-versions = "^3.12"
content-hash = "ebea2b4b9934dd39850ad9c2e0e9147431fd8587bc138ff2c44035ac75440e52"
